
Microsoft Visual Studio Solution File, Format Version 12.00
# Visual Studio Version 17
VisualStudioVersion = 17.3.32721.290
MinimumVisualStudioVersion = 10.0.40219.1
Project("{9A19103F-16F7-4668-BE54-9A1E7A4F7556}") = "CPTool.UnitsSystem", "CPTool.UnitsSystem\CPTool.UnitsSystem.csproj", "{CA6C4B3D-1A39-4267-815F-7804C103FB57}"
EndProject
Project("{9A19103F-16F7-4668-BE54-9A1E7A4F7556}") = "CPtool.ExtensionMethods", "CPtool.ExtensionMethods\CPtool.ExtensionMethods.csproj", "{C00ADD95-B676-42CE-8B21-DCA1332966C7}"
EndProject
Project("{2150E333-8FDC-42A3-9474-1A3956D46DE8}") = "DomainDrivenDesign", "DomainDrivenDesign", "{DD1B32BB-482F-49EA-838A-96BFADA4FE3D}"
EndProject
Project("{2150E333-8FDC-42A3-9474-1A3956D46DE8}") = "Core", "Core", "{DB96E246-D03C-4A6C-B8D8-C5E067D50E07}"
EndProject
Project("{2150E333-8FDC-42A3-9474-1A3956D46DE8}") = "Infrastructure", "Infrastructure", "{71807988-FF8A-44D1-9EE6-4A7AB16FC81E}"
EndProject
Project("{9A19103F-16F7-4668-BE54-9A1E7A4F7556}") = "CPTool.Domain", "CPTool.Domain\CPTool.Domain.csproj", "{5E5A9988-6B65-4B93-869F-375CA097F505}"
EndProject
Project("{2150E333-8FDC-42A3-9474-1A3956D46DE8}") = "API", "API", "{6F7055F0-E514-4CEA-8842-B82A462BE67E}"
EndProject
Project("{9A19103F-16F7-4668-BE54-9A1E7A4F7556}") = "EquipmentCalculation", "EquipmentCalculation\EquipmentCalculation.csproj", "{AD0742CA-A5F4-45CE-8E6B-09DF911DAB55}"
EndProject
Project("{9A19103F-16F7-4668-BE54-9A1E7A4F7556}") = "CPTool.Services", "CPTool.Services\CPTool.Services.csproj", "{FBD9ADEA-E4BD-4656-920C-49723336A897}"
EndProject
Project("{9A19103F-16F7-4668-BE54-9A1E7A4F7556}") = "CPTool.ApplicationCQRS", "CPTool.ApplicationCQRS\CPTool.ApplicationCQRS.csproj", "{1636FE2D-5BC5-4D75-A6E3-9E06BFD6B8CB}"
EndProject
Project("{9A19103F-16F7-4668-BE54-9A1E7A4F7556}") = "CPTool.PersistenceCQRS", "CPTool.PersistenceCQRS\CPTool.PersistenceCQRS.csproj", "{14DB84F0-4A37-4D4B-BE3D-17B3C635631A}"
EndProject
Project("{9A19103F-16F7-4668-BE54-9A1E7A4F7556}") = "CPTool.InfrastructureCQRS", "CPTool.InfrastructureCQRS\CPTool.InfrastructureCQRS.csproj", "{B30F50ED-34E5-4366-8CAA-3B4B0A3F49C0}"
EndProject
Project("{2150E333-8FDC-42A3-9474-1A3956D46DE8}") = "UI", "UI", "{03ABE2C5-E5E0-4661-84E1-865CAA64B7DB}"
EndProject
Project("{9A19103F-16F7-4668-BE54-9A1E7A4F7556}") = "CPTool.UIApp", "CPTool.UIApp\CPTool.UIApp.csproj", "{8C669085-BFDD-4DC4-9A0D-2A9BB406EDFE}"
EndProject
Global
	GlobalSection(SolutionConfigurationPlatforms) = preSolution
		Debug|Any CPU = Debug|Any CPU
		Release|Any CPU = Release|Any CPU
	EndGlobalSection
	GlobalSection(ProjectConfigurationPlatforms) = postSolution
		{CA6C4B3D-1A39-4267-815F-7804C103FB57}.Debug|Any CPU.ActiveCfg = Debug|Any CPU
		{CA6C4B3D-1A39-4267-815F-7804C103FB57}.Debug|Any CPU.Build.0 = Debug|Any CPU
		{CA6C4B3D-1A39-4267-815F-7804C103FB57}.Release|Any CPU.ActiveCfg = Release|Any CPU
		{CA6C4B3D-1A39-4267-815F-7804C103FB57}.Release|Any CPU.Build.0 = Release|Any CPU
		{C00ADD95-B676-42CE-8B21-DCA1332966C7}.Debug|Any CPU.ActiveCfg = Debug|Any CPU
		{C00ADD95-B676-42CE-8B21-DCA1332966C7}.Debug|Any CPU.Build.0 = Debug|Any CPU
		{C00ADD95-B676-42CE-8B21-DCA1332966C7}.Release|Any CPU.ActiveCfg = Release|Any CPU
		{C00ADD95-B676-42CE-8B21-DCA1332966C7}.Release|Any CPU.Build.0 = Release|Any CPU
		{5E5A9988-6B65-4B93-869F-375CA097F505}.Debug|Any CPU.ActiveCfg = Debug|Any CPU
		{5E5A9988-6B65-4B93-869F-375CA097F505}.Debug|Any CPU.Build.0 = Debug|Any CPU
		{5E5A9988-6B65-4B93-869F-375CA097F505}.Release|Any CPU.ActiveCfg = Release|Any CPU
		{5E5A9988-6B65-4B93-869F-375CA097F505}.Release|Any CPU.Build.0 = Release|Any CPU
		{AD0742CA-A5F4-45CE-8E6B-09DF911DAB55}.Debug|Any CPU.ActiveCfg = Debug|Any CPU
		{AD0742CA-A5F4-45CE-8E6B-09DF911DAB55}.Debug|Any CPU.Build.0 = Debug|Any CPU
		{AD0742CA-A5F4-45CE-8E6B-09DF911DAB55}.Release|Any CPU.ActiveCfg = Release|Any CPU
		{AD0742CA-A5F4-45CE-8E6B-09DF911DAB55}.Release|Any CPU.Build.0 = Release|Any CPU
		{FBD9ADEA-E4BD-4656-920C-49723336A897}.Debug|Any CPU.ActiveCfg = Debug|Any CPU
		{FBD9ADEA-E4BD-4656-920C-49723336A897}.Debug|Any CPU.Build.0 = Debug|Any CPU
		{FBD9ADEA-E4BD-4656-920C-49723336A897}.Release|Any CPU.ActiveCfg = Release|Any CPU
		{FBD9ADEA-E4BD-4656-920C-49723336A897}.Release|Any CPU.Build.0 = Release|Any CPU
		{1636FE2D-5BC5-4D75-A6E3-9E06BFD6B8CB}.Debug|Any CPU.ActiveCfg = Debug|Any CPU
		{1636FE2D-5BC5-4D75-A6E3-9E06BFD6B8CB}.Debug|Any CPU.Build.0 = Debug|Any CPU
		{1636FE2D-5BC5-4D75-A6E3-9E06BFD6B8CB}.Release|Any CPU.ActiveCfg = Release|Any CPU
		{1636FE2D-5BC5-4D75-A6E3-9E06BFD6B8CB}.Release|Any CPU.Build.0 = Release|Any CPU
		{14DB84F0-4A37-4D4B-BE3D-17B3C635631A}.Debug|Any CPU.ActiveCfg = Debug|Any CPU
		{14DB84F0-4A37-4D4B-BE3D-17B3C635631A}.Debug|Any CPU.Build.0 = Debug|Any CPU
		{14DB84F0-4A37-4D4B-BE3D-17B3C635631A}.Release|Any CPU.ActiveCfg = Release|Any CPU
		{14DB84F0-4A37-4D4B-BE3D-17B3C635631A}.Release|Any CPU.Build.0 = Release|Any CPU
		{B30F50ED-34E5-4366-8CAA-3B4B0A3F49C0}.Debug|Any CPU.ActiveCfg = Debug|Any CPU
		{B30F50ED-34E5-4366-8CAA-3B4B0A3F49C0}.Debug|Any CPU.Build.0 = Debug|Any CPU
		{B30F50ED-34E5-4366-8CAA-3B4B0A3F49C0}.Release|Any CPU.ActiveCfg = Release|Any CPU
		{B30F50ED-34E5-4366-8CAA-3B4B0A3F49C0}.Release|Any CPU.Build.0 = Release|Any CPU
		{8C669085-BFDD-4DC4-9A0D-2A9BB406EDFE}.Debug|Any CPU.ActiveCfg = Debug|Any CPU
		{8C669085-BFDD-4DC4-9A0D-2A9BB406EDFE}.Debug|Any CPU.Build.0 = Debug|Any CPU
		{8C669085-BFDD-4DC4-9A0D-2A9BB406EDFE}.Release|Any CPU.ActiveCfg = Release|Any CPU
		{8C669085-BFDD-4DC4-9A0D-2A9BB406EDFE}.Release|Any CPU.Build.0 = Release|Any CPU
	EndGlobalSection
	GlobalSection(SolutionProperties) = preSolution
		HideSolutionNode = FALSE
	EndGlobalSection
	GlobalSection(NestedProjects) = preSolution
		{DB96E246-D03C-4A6C-B8D8-C5E067D50E07} = {DD1B32BB-482F-49EA-838A-96BFADA4FE3D}
		{71807988-FF8A-44D1-9EE6-4A7AB16FC81E} = {DD1B32BB-482F-49EA-838A-96BFADA4FE3D}
		{5E5A9988-6B65-4B93-869F-375CA097F505} = {DB96E246-D03C-4A6C-B8D8-C5E067D50E07}
		{6F7055F0-E514-4CEA-8842-B82A462BE67E} = {DD1B32BB-482F-49EA-838A-96BFADA4FE3D}
		{FBD9ADEA-E4BD-4656-920C-49723336A897} = {6F7055F0-E514-4CEA-8842-B82A462BE67E}
		{1636FE2D-5BC5-4D75-A6E3-9E06BFD6B8CB} = {DB96E246-D03C-4A6C-B8D8-C5E067D50E07}
		{14DB84F0-4A37-4D4B-BE3D-17B3C635631A} = {71807988-FF8A-44D1-9EE6-4A7AB16FC81E}
		{B30F50ED-34E5-4366-8CAA-3B4B0A3F49C0} = {71807988-FF8A-44D1-9EE6-4A7AB16FC81E}
		{03ABE2C5-E5E0-4661-84E1-865CAA64B7DB} = {DD1B32BB-482F-49EA-838A-96BFADA4FE3D}
		{8C669085-BFDD-4DC4-9A0D-2A9BB406EDFE} = {03ABE2C5-E5E0-4661-84E1-865CAA64B7DB}
	EndGlobalSection
	GlobalSection(ExtensibilityGlobals) = postSolution
		SolutionGuid = {16E488D2-7F35-42E0-A1AF-821806647440}
	EndGlobalSection
EndGlobal
